
Microsoft Visual Studio Solution File, Format Version 12.00
# Visual Studio Version 17
VisualStudioVersion = 17.6.33829.357
MinimumVisualStudioVersion = 10.0.40219.1
Project("{FAE04EC0-301F-11D3-BF4B-00C04F79EFBC}") = "Project-Library-management-system", "Project-Library-management-system\Project-Library-management-system.csproj", "{81175A9A-54A0-4F25-94EA-94D190648295}"
EndProject
Global
	GlobalSection(SolutionConfigurationPlatforms) = preSolution
		Debug|Any CPU = Debug|Any CPU
		Release|Any CPU = Release|Any CPU
	EndGlobalSection
	GlobalSection(ProjectConfigurationPlatforms) = postSolution
		{81175A9A-54A0-4F25-94EA-94D190648295}.Debug|Any CPU.ActiveCfg = Debug|Any CPU
		{81175A9A-54A0-4F25-94EA-94D190648295}.Debug|Any CPU.Build.0 = Debug|Any CPU
		{81175A9A-54A0-4F25-94EA-94D190648295}.Release|Any CPU.ActiveCfg = Release|Any CPU
		{81175A9A-54A0-4F25-94EA-94D190648295}.Release|Any CPU.Build.0 = Release|Any CPU
	EndGlobalSection
	GlobalSection(SolutionProperties) = preSolution
		HideSolutionNode = FALSE
	EndGlobalSection
	GlobalSection(ExtensibilityGlobals) = postSolution
		SolutionGuid = {805E2968-70A3-46E3-BF4A-01891FC86E56}
	EndGlobalSection
EndGlobal
